
Microsoft Visual Studio Solution File, Format Version 12.00
# Visual Studio Version 17
VisualStudioVersion = 17.5.33516.290
MinimumVisualStudioVersion = 10.0.40219.1
Project("{9A19103F-16F7-4668-BE54-9A1E7A4F7556}") = "Greeny.WebApi", "Greeny.WebApi\Greeny.WebApi.csproj", "{7A1446C4-0ACC-4F0A-901C-3F040190F824}"
EndProject
Project("{9A19103F-16F7-4668-BE54-9A1E7A4F7556}") = "Greeny.Dal", "Greeny.Dal\Greeny.Dal.csproj", "{3ACC6E77-AFEB-43CB-BE85-C43EB8C47311}"
EndProject
Project("{9A19103F-16F7-4668-BE54-9A1E7A4F7556}") = "Greeny.Dal.Migrator", "Greeny.Dal.Migrator\Greeny.Dal.Migrator.csproj", "{E2FF4F59-BF15-4680-982A-02DC864FB288}"
EndProject
Project("{FAE04EC0-301F-11D3-BF4B-00C04F79EFBC}") = "Greeny.Core", "Greeny.Core\Greeny.Core.csproj", "{207EDB44-9560-417B-99CF-C4509A9BEEA6}"
EndProject
Project("{FAE04EC0-301F-11D3-BF4B-00C04F79EFBC}") = "Greeny.Common", "Greeny.Common\Greeny.Common.csproj", "{55E927B4-5366-474F-89D3-E2D14CFBBC0A}"
EndProject
Global
	GlobalSection(SolutionConfigurationPlatforms) = preSolution
		Debug|Any CPU = Debug|Any CPU
		Release|Any CPU = Release|Any CPU
	EndGlobalSection
	GlobalSection(ProjectConfigurationPlatforms) = postSolution
		{7A1446C4-0ACC-4F0A-901C-3F040190F824}.Debug|Any CPU.ActiveCfg = Debug|Any CPU
		{7A1446C4-0ACC-4F0A-901C-3F040190F824}.Debug|Any CPU.Build.0 = Debug|Any CPU
		{7A1446C4-0ACC-4F0A-901C-3F040190F824}.Release|Any CPU.ActiveCfg = Release|Any CPU
		{7A1446C4-0ACC-4F0A-901C-3F040190F824}.Release|Any CPU.Build.0 = Release|Any CPU
		{3ACC6E77-AFEB-43CB-BE85-C43EB8C47311}.Debug|Any CPU.ActiveCfg = Debug|Any CPU
		{3ACC6E77-AFEB-43CB-BE85-C43EB8C47311}.Debug|Any CPU.Build.0 = Debug|Any CPU
		{3ACC6E77-AFEB-43CB-BE85-C43EB8C47311}.Release|Any CPU.ActiveCfg = Release|Any CPU
		{3ACC6E77-AFEB-43CB-BE85-C43EB8C47311}.Release|Any CPU.Build.0 = Release|Any CPU
		{E2FF4F59-BF15-4680-982A-02DC864FB288}.Debug|Any CPU.ActiveCfg = Debug|Any CPU
		{E2FF4F59-BF15-4680-982A-02DC864FB288}.Debug|Any CPU.Build.0 = Debug|Any CPU
		{E2FF4F59-BF15-4680-982A-02DC864FB288}.Release|Any CPU.ActiveCfg = Release|Any CPU
		{E2FF4F59-BF15-4680-982A-02DC864FB288}.Release|Any CPU.Build.0 = Release|Any CPU
		{207EDB44-9560-417B-99CF-C4509A9BEEA6}.Debug|Any CPU.ActiveCfg = Debug|Any CPU
		{207EDB44-9560-417B-99CF-C4509A9BEEA6}.Debug|Any CPU.Build.0 = Debug|Any CPU
		{207EDB44-9560-417B-99CF-C4509A9BEEA6}.Release|Any CPU.ActiveCfg = Release|Any CPU
		{207EDB44-9560-417B-99CF-C4509A9BEEA6}.Release|Any CPU.Build.0 = Release|Any CPU
		{55E927B4-5366-474F-89D3-E2D14CFBBC0A}.Debug|Any CPU.ActiveCfg = Debug|Any CPU
		{55E927B4-5366-474F-89D3-E2D14CFBBC0A}.Debug|Any CPU.Build.0 = Debug|Any CPU
		{55E927B4-5366-474F-89D3-E2D14CFBBC0A}.Release|Any CPU.ActiveCfg = Release|Any CPU
		{55E927B4-5366-474F-89D3-E2D14CFBBC0A}.Release|Any CPU.Build.0 = Release|Any CPU
	EndGlobalSection
	GlobalSection(SolutionProperties) = preSolution
		HideSolutionNode = FALSE
	EndGlobalSection
	GlobalSection(ExtensibilityGlobals) = postSolution
		SolutionGuid = {78085708-FC0B-4F0B-8007-4E0E7AE95B79}
	EndGlobalSection
EndGlobal
